
Microsoft Visual Studio Solution File, Format Version 12.00
# Visual Studio 15
Project("{FAE04EC0-301F-11D3-BF4B-00C04F79EFBC}") = "NetCoreStudies.WEB", "NetCoreStudies.WEB\NetCoreStudies.WEB.csproj", "{90F495D4-1567-43E8-B782-714641BAF6FB}"
EndProject
Global
	GlobalSection(SolutionConfigurationPlatforms) = preSolution
		Debug|Any CPU = Debug|Any CPU
		Release|Any CPU = Release|Any CPU
	EndGlobalSection
	GlobalSection(ProjectConfigurationPlatforms) = postSolution
		{90F495D4-1567-43E8-B782-714641BAF6FB}.Debug|Any CPU.ActiveCfg = Debug|Any CPU
		{90F495D4-1567-43E8-B782-714641BAF6FB}.Debug|Any CPU.Build.0 = Debug|Any CPU
		{90F495D4-1567-43E8-B782-714641BAF6FB}.Release|Any CPU.ActiveCfg = Release|Any CPU
		{90F495D4-1567-43E8-B782-714641BAF6FB}.Release|Any CPU.Build.0 = Release|Any CPU
	EndGlobalSection
EndGlobal
